
Microsoft Visual Studio Solution File, Format Version 12.00
# Visual Studio Version 17
VisualStudioVersion = 17.11.35303.130
MinimumVisualStudioVersion = 10.0.40219.1
Project("{9A19103F-16F7-4668-BE54-9A1E7A4F7556}") = "AbfFolderWatcher", "AbfFolderWatcher\AbfFolderWatcher.csproj", "{6876381A-20E2-4C18-8041-EEC73D99519C}"
EndProject
Project("{9A19103F-16F7-4668-BE54-9A1E7A4F7556}") = "AbfAuto", "AbfAuto\AbfAuto.csproj", "{B598B224-084A-4550-B8E8-FDA2F8BAD8CF}"
EndProject
Global
	GlobalSection(SolutionConfigurationPlatforms) = preSolution
		Debug|Any CPU = Debug|Any CPU
		Release|Any CPU = Release|Any CPU
	EndGlobalSection
	GlobalSection(ProjectConfigurationPlatforms) = postSolution
		{6876381A-20E2-4C18-8041-EEC73D99519C}.Debug|Any CPU.ActiveCfg = Debug|Any CPU
		{6876381A-20E2-4C18-8041-EEC73D99519C}.Debug|Any CPU.Build.0 = Debug|Any CPU
		{6876381A-20E2-4C18-8041-EEC73D99519C}.Release|Any CPU.ActiveCfg = Release|Any CPU
		{6876381A-20E2-4C18-8041-EEC73D99519C}.Release|Any CPU.Build.0 = Release|Any CPU
		{B598B224-084A-4550-B8E8-FDA2F8BAD8CF}.Debug|Any CPU.ActiveCfg = Debug|Any CPU
		{B598B224-084A-4550-B8E8-FDA2F8BAD8CF}.Debug|Any CPU.Build.0 = Debug|Any CPU
		{B598B224-084A-4550-B8E8-FDA2F8BAD8CF}.Release|Any CPU.ActiveCfg = Release|Any CPU
		{B598B224-084A-4550-B8E8-FDA2F8BAD8CF}.Release|Any CPU.Build.0 = Release|Any CPU
	EndGlobalSection
	GlobalSection(SolutionProperties) = preSolution
		HideSolutionNode = FALSE
	EndGlobalSection
	GlobalSection(ExtensibilityGlobals) = postSolution
		SolutionGuid = {345F6234-4805-41A9-A387-77869DAB55D9}
	EndGlobalSection
EndGlobal
