
Microsoft Visual Studio Solution File, Format Version 12.00
# Visual Studio Version 16
VisualStudioVersion = 16.0.29519.87
MinimumVisualStudioVersion = 10.0.40219.1
Project("{FAE04EC0-301F-11D3-BF4B-00C04F79EFBC}") = "ABFauto", "ABFauto\ABFauto.csproj", "{D5373141-9E3B-45C6-8E69-53E996269E6F}"
EndProject
Project("{FAE04EC0-301F-11D3-BF4B-00C04F79EFBC}") = "ABFautoTests", "ABFautoTests\ABFautoTests.csproj", "{D4C8FAF3-7BCD-44DB-B6B8-F72658D18B44}"
EndProject
Project("{9A19103F-16F7-4668-BE54-9A1E7A4F7556}") = "ABFsharp", "..\..\ABFsharp\src\ABFsharp\ABFsharp.csproj", "{163DAB80-F6C8-4274-97D7-D1688AD0DAB4}"
EndProject
Global
	GlobalSection(SolutionConfigurationPlatforms) = preSolution
		Debug|Any CPU = Debug|Any CPU
		Release|Any CPU = Release|Any CPU
	EndGlobalSection
	GlobalSection(ProjectConfigurationPlatforms) = postSolution
		{D5373141-9E3B-45C6-8E69-53E996269E6F}.Debug|Any CPU.ActiveCfg = Debug|Any CPU
		{D5373141-9E3B-45C6-8E69-53E996269E6F}.Debug|Any CPU.Build.0 = Debug|Any CPU
		{D5373141-9E3B-45C6-8E69-53E996269E6F}.Release|Any CPU.ActiveCfg = Release|Any CPU
		{D5373141-9E3B-45C6-8E69-53E996269E6F}.Release|Any CPU.Build.0 = Release|Any CPU
		{D4C8FAF3-7BCD-44DB-B6B8-F72658D18B44}.Debug|Any CPU.ActiveCfg = Debug|Any CPU
		{D4C8FAF3-7BCD-44DB-B6B8-F72658D18B44}.Debug|Any CPU.Build.0 = Debug|Any CPU
		{D4C8FAF3-7BCD-44DB-B6B8-F72658D18B44}.Release|Any CPU.ActiveCfg = Release|Any CPU
		{D4C8FAF3-7BCD-44DB-B6B8-F72658D18B44}.Release|Any CPU.Build.0 = Release|Any CPU
		{163DAB80-F6C8-4274-97D7-D1688AD0DAB4}.Debug|Any CPU.ActiveCfg = Debug|Any CPU
		{163DAB80-F6C8-4274-97D7-D1688AD0DAB4}.Debug|Any CPU.Build.0 = Debug|Any CPU
		{163DAB80-F6C8-4274-97D7-D1688AD0DAB4}.Release|Any CPU.ActiveCfg = Release|Any CPU
		{163DAB80-F6C8-4274-97D7-D1688AD0DAB4}.Release|Any CPU.Build.0 = Release|Any CPU
	EndGlobalSection
	GlobalSection(SolutionProperties) = preSolution
		HideSolutionNode = FALSE
	EndGlobalSection
	GlobalSection(ExtensibilityGlobals) = postSolution
		SolutionGuid = {FFC509C6-4D33-4113-80A9-66C32C85D28D}
	EndGlobalSection
EndGlobal
