
Microsoft Visual Studio Solution File, Format Version 12.00
# Visual Studio Version 17
VisualStudioVersion = 17.11.35303.130
MinimumVisualStudioVersion = 10.0.40219.1
Project("{9A19103F-16F7-4668-BE54-9A1E7A4F7556}") = "AbfFolderWatcher", "AbfFolderWatcher\AbfFolderWatcher.csproj", "{6876381A-20E2-4C18-8041-EEC73D99519C}"
EndProject
Project("{9A19103F-16F7-4668-BE54-9A1E7A4F7556}") = "AbfAuto", "AbfAuto\AbfAuto.csproj", "{B598B224-084A-4550-B8E8-FDA2F8BAD8CF}"
EndProject
Project("{FAE04EC0-301F-11D3-BF4B-00C04F79EFBC}") = "AbfAutoTests", "AbfAutoTests\AbfAutoTests.csproj", "{D119472A-7C75-45BC-9BEA-9DB3144D1FE6}"
EndProject
Project("{FAE04EC0-301F-11D3-BF4B-00C04F79EFBC}") = "AbfAutoSandbox", "AbfAutoSandbox\AbfAutoSandbox.csproj", "{E8040667-3B5F-4B36-8DFD-B4BF450EF4B1}"
EndProject
Global
	GlobalSection(SolutionConfigurationPlatforms) = preSolution
		Debug|Any CPU = Debug|Any CPU
		Release|Any CPU = Release|Any CPU
	EndGlobalSection
	GlobalSection(ProjectConfigurationPlatforms) = postSolution
		{6876381A-20E2-4C18-8041-EEC73D99519C}.Debug|Any CPU.ActiveCfg = Debug|Any CPU
		{6876381A-20E2-4C18-8041-EEC73D99519C}.Debug|Any CPU.Build.0 = Debug|Any CPU
		{6876381A-20E2-4C18-8041-EEC73D99519C}.Release|Any CPU.ActiveCfg = Release|Any CPU
		{6876381A-20E2-4C18-8041-EEC73D99519C}.Release|Any CPU.Build.0 = Release|Any CPU
		{B598B224-084A-4550-B8E8-FDA2F8BAD8CF}.Debug|Any CPU.ActiveCfg = Debug|Any CPU
		{B598B224-084A-4550-B8E8-FDA2F8BAD8CF}.Debug|Any CPU.Build.0 = Debug|Any CPU
		{B598B224-084A-4550-B8E8-FDA2F8BAD8CF}.Release|Any CPU.ActiveCfg = Release|Any CPU
		{B598B224-084A-4550-B8E8-FDA2F8BAD8CF}.Release|Any CPU.Build.0 = Release|Any CPU
		{D119472A-7C75-45BC-9BEA-9DB3144D1FE6}.Debug|Any CPU.ActiveCfg = Debug|Any CPU
		{D119472A-7C75-45BC-9BEA-9DB3144D1FE6}.Debug|Any CPU.Build.0 = Debug|Any CPU
		{D119472A-7C75-45BC-9BEA-9DB3144D1FE6}.Release|Any CPU.ActiveCfg = Release|Any CPU
		{D119472A-7C75-45BC-9BEA-9DB3144D1FE6}.Release|Any CPU.Build.0 = Release|Any CPU
		{E8040667-3B5F-4B36-8DFD-B4BF450EF4B1}.Debug|Any CPU.ActiveCfg = Debug|Any CPU
		{E8040667-3B5F-4B36-8DFD-B4BF450EF4B1}.Debug|Any CPU.Build.0 = Debug|Any CPU
		{E8040667-3B5F-4B36-8DFD-B4BF450EF4B1}.Release|Any CPU.ActiveCfg = Release|Any CPU
		{E8040667-3B5F-4B36-8DFD-B4BF450EF4B1}.Release|Any CPU.Build.0 = Release|Any CPU
	EndGlobalSection
	GlobalSection(SolutionProperties) = preSolution
		HideSolutionNode = FALSE
	EndGlobalSection
	GlobalSection(ExtensibilityGlobals) = postSolution
		SolutionGuid = {345F6234-4805-41A9-A387-77869DAB55D9}
	EndGlobalSection
EndGlobal
